{
  "name": "angular-portal-builder",
  "version": "0.1.0",
  "lockfileVersion": 1,
  "requires": true,
  "dependencies": {
    "@angular/cdk": {
      "version": "11.0.2",
      "resolved": "https://registry.npmjs.org/@angular/cdk/-/cdk-11.0.2.tgz",
      "integrity": "sha512-hdZ9UJVGgCFhdOuB4RPS1Ku45VSG/WfRjbyxu/7teYyFKqAvcd3vawkeQfZf+lExmFaeW43+5hnpu/JIlGTrSA==",
      "requires": {
        "parse5": "^5.0.0",
        "tslib": "^2.0.0"
      },
      "dependencies": {
        "tslib": {
          "version": "2.0.3",
          "resolved": "https://registry.npmjs.org/tslib/-/tslib-2.0.3.tgz",
          "integrity": "sha512-uZtkfKblCEQtZKBF6EBXVZeQNl82yqtDQdv+eck8u7tdPxjLu2/lp5/uPW+um2tpuxINHWy3GhiccY7QgEaVHQ=="
        }
      }
    },
    "@angular/core": {
      "version": "11.0.4",
      "resolved": "https://registry.npmjs.org/@angular/core/-/core-11.0.4.tgz",
      "integrity": "sha512-860cTMjdCHcvEsHOsTzpg5rThxwVgtnY4yT0SgboWiphrlzX+aNoyN/cCJHxWhmOTRlrl6/+hkeRq95E2BZkKw==",
      "requires": {
        "tslib": "^2.0.0"
      }
    },
    "parse5": {
      "version": "5.1.1",
      "resolved": "https://registry.npmjs.org/parse5/-/parse5-5.1.1.tgz",
      "integrity": "sha512-ugq4DFI0Ptb+WWjAdOK16+u/nHfiIrcE+sh8kZMaM0WllQKLI9rOUq6c2b7cwPkXdzfQESqvoqK6ug7U/Yyzug==",
      "optional": true
    },
    "tslib": {
      "version": "2.0.3",
      "resolved": "https://registry.npmjs.org/tslib/-/tslib-2.0.3.tgz",
      "integrity": "sha512-uZtkfKblCEQtZKBF6EBXVZeQNl82yqtDQdv+eck8u7tdPxjLu2/lp5/uPW+um2tpuxINHWy3GhiccY7QgEaVHQ=="
    }
  }
}
